// !$*UTF8*$!
{
	archiveVersion = 1;
	classes = {
	};
	objectVersion = 55;
	objects = {

/* Begin PBXBuildFile section */
		B91B612B27BD11F300C01090 /* Common.docc in Sources */ = {isa = PBXBuildFile; fileRef = B91B612A27BD11F300C01090 /* Common.docc */; };
		B91B613127BD11F400C01090 /* Common.framework in Frameworks */ = {isa = PBXBuildFile; fileRef = B91B612627BD11F300C01090 /* Common.framework */; };
		B91B613627BD11F400C01090 /* CommonTests.swift in Sources */ = {isa = PBXBuildFile; fileRef = B91B613527BD11F400C01090 /* CommonTests.swift */; };
		B91B613727BD11F400C01090 /* Common.h in Headers */ = {isa = PBXBuildFile; fileRef = B91B612927BD11F300C01090 /* Common.h */; settings = {ATTRIBUTES = (Public, ); }; };
		B91B614B27BD131100C01090 /* Bus.swift in Sources */ = {isa = PBXBuildFile; fileRef = B91B614A27BD131100C01090 /* Bus.swift */; };
		B91B614D27BD2D5000C01090 /* AnyBus.swift in Sources */ = {isa = PBXBuildFile; fileRef = B91B614C27BD2D5000C01090 /* AnyBus.swift */; };
		B91B614F27BD2F4200C01090 /* EventBus.swift in Sources */ = {isa = PBXBuildFile; fileRef = B91B614E27BD2F4200C01090 /* EventBus.swift */; };
		B91B615427BD358800C01090 /* Logger.swift in Sources */ = {isa = PBXBuildFile; fileRef = B91B615327BD358800C01090 /* Logger.swift */; };
		B970581327E61E5000B4902B /* SnackManager.swift in Sources */ = {isa = PBXBuildFile; fileRef = B970581227E61E5000B4902B /* SnackManager.swift */; };
		B970581527E6220300B4902B /* DefaultSnackMessage.swift in Sources */ = {isa = PBXBuildFile; fileRef = B970581427E6220300B4902B /* DefaultSnackMessage.swift */; };
		B970581727E6281600B4902B /* InfoSnackView.swift in Sources */ = {isa = PBXBuildFile; fileRef = B970581627E6281600B4902B /* InfoSnackView.swift */; };
		B970582427E6DBE000B4902B /* String.swift in Sources */ = {isa = PBXBuildFile; fileRef = B970582327E6DBE000B4902B /* String.swift */; };
		B9E22E1D27E1D14000BBA499 /* UIView.swift in Sources */ = {isa = PBXBuildFile; fileRef = B9E22E1C27E1D14000BBA499 /* UIView.swift */; };
		B9E22E2B27E20D3C00BBA499 /* SnackMessage.swift in Sources */ = {isa = PBXBuildFile; fileRef = B9E22E2A27E20D3C00BBA499 /* SnackMessage.swift */; };
		B9E3AA2127C394D500D0554E /* DictionaryThreadSafeWrapper.swift in Sources */ = {isa = PBXBuildFile; fileRef = B9E3AA2027C394D500D0554E /* DictionaryThreadSafeWrapper.swift */; };
/* End PBXBuildFile section */

/* Begin PBXContainerItemProxy section */
		B91B613227BD11F400C01090 /* PBXContainerItemProxy */ = {
			isa = PBXContainerItemProxy;
			containerPortal = B91B611D27BD11F300C01090 /* Project object */;
			proxyType = 1;
			remoteGlobalIDString = B91B612527BD11F300C01090;
			remoteInfo = Common;
		};
/* End PBXContainerItemProxy section */

/* Begin PBXFileReference section */
		B91B612627BD11F300C01090 /* Common.framework */ = {isa = PBXFileReference; explicitFileType = wrapper.framework; includeInIndex = 0; path = Common.framework; sourceTree = BUILT_PRODUCTS_DIR; };
		B91B612927BD11F300C01090 /* Common.h */ = {isa = PBXFileReference; lastKnownFileType = sourcecode.c.h; path = Common.h; sourceTree = "<group>"; };
		B91B612A27BD11F300C01090 /* Common.docc */ = {isa = PBXFileReference; lastKnownFileType = folder.documentationcatalog; path = Common.docc; sourceTree = "<group>"; };
		B91B613027BD11F400C01090 /* CommonTests.xctest */ = {isa = PBXFileReference; explicitFileType = wrapper.cfbundle; includeInIndex = 0; path = CommonTests.xctest; sourceTree = BUILT_PRODUCTS_DIR; };
		B91B613527BD11F400C01090 /* CommonTests.swift */ = {isa = PBXFileReference; lastKnownFileType = sourcecode.swift; path = CommonTests.swift; sourceTree = "<group>"; };
		B91B614A27BD131100C01090 /* Bus.swift */ = {isa = PBXFileReference; lastKnownFileType = sourcecode.swift; path = Bus.swift; sourceTree = "<group>"; };
		B91B614C27BD2D5000C01090 /* AnyBus.swift */ = {isa = PBXFileReference; lastKnownFileType = sourcecode.swift; path = AnyBus.swift; sourceTree = "<group>"; };
		B91B614E27BD2F4200C01090 /* EventBus.swift */ = {isa = PBXFileReference; lastKnownFileType = sourcecode.swift; path = EventBus.swift; sourceTree = "<group>"; };
		B91B615327BD358800C01090 /* Logger.swift */ = {isa = PBXFileReference; lastKnownFileType = sourcecode.swift; path = Logger.swift; sourceTree = "<group>"; };
		B970581227E61E5000B4902B /* SnackManager.swift */ = {isa = PBXFileReference; lastKnownFileType = sourcecode.swift; path = SnackManager.swift; sourceTree = "<group>"; };
		B970581427E6220300B4902B /* DefaultSnackMessage.swift */ = {isa = PBXFileReference; lastKnownFileType = sourcecode.swift; path = DefaultSnackMessage.swift; sourceTree = "<group>"; };
		B970581627E6281600B4902B /* InfoSnackView.swift */ = {isa = PBXFileReference; lastKnownFileType = sourcecode.swift; path = InfoSnackView.swift; sourceTree = "<group>"; };
		B970582327E6DBE000B4902B /* String.swift */ = {isa = PBXFileReference; lastKnownFileType = sourcecode.swift; path = String.swift; sourceTree = "<group>"; };
		B9E22E1C27E1D14000BBA499 /* UIView.swift */ = {isa = PBXFileReference; lastKnownFileType = sourcecode.swift; path = UIView.swift; sourceTree = "<group>"; };
		B9E22E2A27E20D3C00BBA499 /* SnackMessage.swift */ = {isa = PBXFileReference; lastKnownFileType = sourcecode.swift; path = SnackMessage.swift; sourceTree = "<group>"; };
		B9E3AA2027C394D500D0554E /* DictionaryThreadSafeWrapper.swift */ = {isa = PBXFileReference; lastKnownFileType = sourcecode.swift; path = DictionaryThreadSafeWrapper.swift; sourceTree = "<group>"; };
/* End PBXFileReference section */

/* Begin PBXFrameworksBuildPhase section */
		B91B612327BD11F300C01090 /* Frameworks */ = {
			isa = PBXFrameworksBuildPhase;
			buildActionMask = 2147483647;
			files = (
			);
			runOnlyForDeploymentPostprocessing = 0;
		};
		B91B612D27BD11F400C01090 /* Frameworks */ = {
			isa = PBXFrameworksBuildPhase;
			buildActionMask = 2147483647;
			files = (
				B91B613127BD11F400C01090 /* Common.framework in Frameworks */,
			);
			runOnlyForDeploymentPostprocessing = 0;
		};
/* End PBXFrameworksBuildPhase section */

/* Begin PBXGroup section */
		B91B611C27BD11F300C01090 = {
			isa = PBXGroup;
			children = (
				B91B612827BD11F300C01090 /* Common */,
				B91B613427BD11F400C01090 /* CommonTests */,
				B91B612727BD11F300C01090 /* Products */,
			);
			sourceTree = "<group>";
		};
		B91B612727BD11F300C01090 /* Products */ = {
			isa = PBXGroup;
			children = (
				B91B612627BD11F300C01090 /* Common.framework */,
				B91B613027BD11F400C01090 /* CommonTests.xctest */,
			);
			name = Products;
			sourceTree = "<group>";
		};
		B91B612827BD11F300C01090 /* Common */ = {
			isa = PBXGroup;
			children = (
				B9E22E2927E20D2E00BBA499 /* SnackMessage */,
				B9E22E1B27E1D13600BBA499 /* Extensions */,
				B9E3AA1F27C394AE00D0554E /* Utils */,
				B91B614927BD12EF00C01090 /* Design */,
				B91B612927BD11F300C01090 /* Common.h */,
				B91B612A27BD11F300C01090 /* Common.docc */,
				B91B615327BD358800C01090 /* Logger.swift */,
			);
			path = Common;
			sourceTree = "<group>";
		};
		B91B613427BD11F400C01090 /* CommonTests */ = {
			isa = PBXGroup;
			children = (
				B91B613527BD11F400C01090 /* CommonTests.swift */,
			);
			path = CommonTests;
			sourceTree = "<group>";
		};
		B91B614927BD12EF00C01090 /* Design */ = {
			isa = PBXGroup;
			children = (
				B91B614A27BD131100C01090 /* Bus.swift */,
				B91B614C27BD2D5000C01090 /* AnyBus.swift */,
				B91B614E27BD2F4200C01090 /* EventBus.swift */,
			);
			path = Design;
			sourceTree = "<group>";
		};
		B9E22E1B27E1D13600BBA499 /* Extensions */ = {
			isa = PBXGroup;
			children = (
				B9E22E1C27E1D14000BBA499 /* UIView.swift */,
				B970582327E6DBE000B4902B /* String.swift */,
			);
			path = Extensions;
			sourceTree = "<group>";
		};
		B9E22E2927E20D2E00BBA499 /* SnackMessage */ = {
			isa = PBXGroup;
			children = (
				B9E22E2A27E20D3C00BBA499 /* SnackMessage.swift */,
				B970581227E61E5000B4902B /* SnackManager.swift */,
				B970581427E6220300B4902B /* DefaultSnackMessage.swift */,
				B970581627E6281600B4902B /* InfoSnackView.swift */,
			);
			path = SnackMessage;
			sourceTree = "<group>";
		};
		B9E3AA1F27C394AE00D0554E /* Utils */ = {
			isa = PBXGroup;
			children = (
				B9E3AA2027C394D500D0554E /* DictionaryThreadSafeWrapper.swift */,
			);
			path = Utils;
			sourceTree = "<group>";
		};
/* End PBXGroup section */

/* Begin PBXHeadersBuildPhase section */
		B91B612127BD11F300C01090 /* Headers */ = {
			isa = PBXHeadersBuildPhase;
			buildActionMask = 2147483647;
			files = (
				B91B613727BD11F400C01090 /* Common.h in Headers */,
			);
			runOnlyForDeploymentPostprocessing = 0;
		};
/* End PBXHeadersBuildPhase section */

/* Begin PBXNativeTarget section */
		B91B612527BD11F300C01090 /* Common */ = {
			isa = PBXNativeTarget;
			buildConfigurationList = B91B613A27BD11F400C01090 /* Build configuration list for PBXNativeTarget "Common" */;
			buildPhases = (
				B91B612127BD11F300C01090 /* Headers */,
				B91B612227BD11F300C01090 /* Sources */,
				B91B612327BD11F300C01090 /* Frameworks */,
				B91B612427BD11F300C01090 /* Resources */,
			);
			buildRules = (
			);
			dependencies = (
			);
			name = Common;
			productName = Common;
			productReference = B91B612627BD11F300C01090 /* Common.framework */;
			productType = "com.apple.product-type.framework";
		};
		B91B612F27BD11F400C01090 /* CommonTests */ = {
			isa = PBXNativeTarget;
			buildConfigurationList = B91B613D27BD11F400C01090 /* Build configuration list for PBXNativeTarget "CommonTests" */;
			buildPhases = (
				B91B612C27BD11F400C01090 /* Sources */,
				B91B612D27BD11F400C01090 /* Frameworks */,
				B91B612E27BD11F400C01090 /* Resources */,
			);
			buildRules = (
			);
			dependencies = (
				B91B613327BD11F400C01090 /* PBXTargetDependency */,
			);
			name = CommonTests;
			productName = CommonTests;
			productReference = B91B613027BD11F400C01090 /* CommonTests.xctest */;
			productType = "com.apple.product-type.bundle.unit-test";
		};
/* End PBXNativeTarget section */

/* Begin PBXProject section */
		B91B611D27BD11F300C01090 /* Project object */ = {
			isa = PBXProject;
			attributes = {
				BuildIndependentTargetsInParallel = 1;
				LastSwiftUpdateCheck = 1320;
				LastUpgradeCheck = 1320;
				TargetAttributes = {
					B91B612527BD11F300C01090 = {
						CreatedOnToolsVersion = 13.2.1;
					};
					B91B612F27BD11F400C01090 = {
						CreatedOnToolsVersion = 13.2.1;
					};
				};
			};
			buildConfigurationList = B91B612027BD11F300C01090 /* Build configuration list for PBXProject "Common" */;
			compatibilityVersion = "Xcode 13.0";
			developmentRegion = en;
			hasScannedForEncodings = 0;
			knownRegions = (
				en,
				Base,
			);
			mainGroup = B91B611C27BD11F300C01090;
			productRefGroup = B91B612727BD11F300C01090 /* Products */;
			projectDirPath = "";
			projectRoot = "";
			targets = (
				B91B612527BD11F300C01090 /* Common */,
				B91B612F27BD11F400C01090 /* CommonTests */,
			);
		};
/* End PBXProject section */

/* Begin PBXResourcesBuildPhase section */
		B91B612427BD11F300C01090 /* Resources */ = {
			isa = PBXResourcesBuildPhase;
			buildActionMask = 2147483647;
			files = (
			);
			runOnlyForDeploymentPostprocessing = 0;
		};
		B91B612E27BD11F400C01090 /* Resources */ = {
			isa = PBXResourcesBuildPhase;
			buildActionMask = 2147483647;
			files = (
			);
			runOnlyForDeploymentPostprocessing = 0;
		};
/* End PBXResourcesBuildPhase section */

/* Begin PBXSourcesBuildPhase section */
		B91B612227BD11F300C01090 /* Sources */ = {
			isa = PBXSourcesBuildPhase;
			buildActionMask = 2147483647;
			files = (
				B91B615427BD358800C01090 /* Logger.swift in Sources */,
				B91B614B27BD131100C01090 /* Bus.swift in Sources */,
				B9E22E2B27E20D3C00BBA499 /* SnackMessage.swift in Sources */,
				B91B614F27BD2F4200C01090 /* EventBus.swift in Sources */,
				B9E22E1D27E1D14000BBA499 /* UIView.swift in Sources */,
				B91B614D27BD2D5000C01090 /* AnyBus.swift in Sources */,
				B970582427E6DBE000B4902B /* String.swift in Sources */,
				B9E3AA2127C394D500D0554E /* DictionaryThreadSafeWrapper.swift in Sources */,
				B970581727E6281600B4902B /* InfoSnackView.swift in Sources */,
				B91B612B27BD11F300C01090 /* Common.docc in Sources */,
				B970581527E6220300B4902B /* DefaultSnackMessage.swift in Sources */,
				B970581327E61E5000B4902B /* SnackManager.swift in Sources */,
			);
			runOnlyForDeploymentPostprocessing = 0;
		};
		B91B612C27BD11F400C01090 /* Sources */ = {
			isa = PBXSourcesBuildPhase;
			buildActionMask = 2147483647;
			files = (
				B91B613627BD11F400C01090 /* CommonTests.swift in Sources */,
			);
			runOnlyForDeploymentPostprocessing = 0;
		};
/* End PBXSourcesBuildPhase section */

/* Begin PBXTargetDependency section */
		B91B613327BD11F400C01090 /* PBXTargetDependency */ = {
			isa = PBXTargetDependency;
			target = B91B612527BD11F300C01090 /* Common */;
			targetProxy = B91B613227BD11F400C01090 /* PBXContainerItemProxy */;
		};
/* End PBXTargetDependency section */

/* Begin XCBuildConfiguration section */
		B91B613827BD11F400C01090 /* Debug */ = {
			isa = XCBuildConfiguration;
			buildSettings = {
				ALWAYS_SEARCH_USER_PATHS = NO;
				CLANG_ANALYZER_NONNULL = YES;
				CLANG_ANALYZER_NUMBER_OBJECT_CONVERSION = YES_AGGRESSIVE;
				CLANG_CXX_LANGUAGE_STANDARD = "gnu++17";
				CLANG_CXX_LIBRARY = "libc++";
				CLANG_ENABLE_MODULES = YES;
				CLANG_ENABLE_OBJC_ARC = YES;
				CLANG_ENABLE_OBJC_WEAK = YES;
				CLANG_WARN_BLOCK_CAPTURE_AUTORELEASING = YES;
				CLANG_WARN_BOOL_CONVERSION = YES;
				CLANG_WARN_COMMA = YES;
				CLANG_WARN_CONSTANT_CONVERSION = YES;
				CLANG_WARN_DEPRECATED_OBJC_IMPLEMENTATIONS = YES;
				CLANG_WARN_DIRECT_OBJC_ISA_USAGE = YES_ERROR;
				CLANG_WARN_DOCUMENTATION_COMMENTS = YES;
				CLANG_WARN_EMPTY_BODY = YES;
				CLANG_WARN_ENUM_CONVERSION = YES;
				CLANG_WARN_INFINITE_RECURSION = YES;
				CLANG_WARN_INT_CONVERSION = YES;
				CLANG_WARN_NON_LITERAL_NULL_CONVERSION = YES;
				CLANG_WARN_OBJC_IMPLICIT_RETAIN_SELF = YES;
				CLANG_WARN_OBJC_LITERAL_CONVERSION = YES;
				CLANG_WARN_OBJC_ROOT_CLASS = YES_ERROR;
				CLANG_WARN_QUOTED_INCLUDE_IN_FRAMEWORK_HEADER = YES;
				CLANG_WARN_RANGE_LOOP_ANALYSIS = YES;
				CLANG_WARN_STRICT_PROTOTYPES = YES;
				CLANG_WARN_SUSPICIOUS_MOVE = YES;
				CLANG_WARN_UNGUARDED_AVAILABILITY = YES_AGGRESSIVE;
				CLANG_WARN_UNREACHABLE_CODE = YES;
				CLANG_WARN__DUPLICATE_METHOD_MATCH = YES;
				COPY_PHASE_STRIP = NO;
				CURRENT_PROJECT_VERSION = 1;
				DEBUG_INFORMATION_FORMAT = dwarf;
				ENABLE_STRICT_OBJC_MSGSEND = YES;
				ENABLE_TESTABILITY = YES;
				GCC_C_LANGUAGE_STANDARD = gnu11;
				GCC_DYNAMIC_NO_PIC = NO;
				GCC_NO_COMMON_BLOCKS = YES;
				GCC_OPTIMIZATION_LEVEL = 0;
				GCC_PREPROCESSOR_DEFINITIONS = (
					"DEBUG=1",
					"$(inherited)",
				);
				GCC_WARN_64_TO_32_BIT_CONVERSION = YES;
				GCC_WARN_ABOUT_RETURN_TYPE = YES_ERROR;
				GCC_WARN_UNDECLARED_SELECTOR = YES;
				GCC_WARN_UNINITIALIZED_AUTOS = YES_AGGRESSIVE;
				GCC_WARN_UNUSED_FUNCTION = YES;
				GCC_WARN_UNUSED_VARIABLE = YES;
				IPHONEOS_DEPLOYMENT_TARGET = 15.2;
				MTL_ENABLE_DEBUG_INFO = INCLUDE_SOURCE;
				MTL_FAST_MATH = YES;
				ONLY_ACTIVE_ARCH = YES;
				SDKROOT = iphoneos;
				SWIFT_ACTIVE_COMPILATION_CONDITIONS = DEBUG;
				SWIFT_OPTIMIZATION_LEVEL = "-Onone";
				VERSIONING_SYSTEM = "apple-generic";
				VERSION_INFO_PREFIX = "";
			};
			name = Debug;
		};
		B91B613927BD11F400C01090 /* Release */ = {
			isa = XCBuildConfiguration;
			buildSettings = {
				ALWAYS_SEARCH_USER_PATHS = NO;
				CLANG_ANALYZER_NONNULL = YES;
				CLANG_ANALYZER_NUMBER_OBJECT_CONVERSION = YES_AGGRESSIVE;
				CLANG_CXX_LANGUAGE_STANDARD = "gnu++17";
				CLANG_CXX_LIBRARY = "libc++";
				CLANG_ENABLE_MODULES = YES;
				CLANG_ENABLE_OBJC_ARC = YES;
				CLANG_ENABLE_OBJC_WEAK = YES;
				CLANG_WARN_BLOCK_CAPTURE_AUTORELEASING = YES;
				CLANG_WARN_BOOL_CONVERSION = YES;
				CLANG_WARN_COMMA = YES;
				CLANG_WARN_CONSTANT_CONVERSION = YES;
				CLANG_WARN_DEPRECATED_OBJC_IMPLEMENTATIONS = YES;
				CLANG_WARN_DIRECT_OBJC_ISA_USAGE = YES_ERROR;
				CLANG_WARN_DOCUMENTATION_COMMENTS = YES;
				CLANG_WARN_EMPTY_BODY = YES;
				CLANG_WARN_ENUM_CONVERSION = YES;
				CLANG_WARN_INFINITE_RECURSION = YES;
				CLANG_WARN_INT_CONVERSION = YES;
				CLANG_WARN_NON_LITERAL_NULL_CONVERSION = YES;
				CLANG_WARN_OBJC_IMPLICIT_RETAIN_SELF = YES;
				CLANG_WARN_OBJC_LITERAL_CONVERSION = YES;
				CLANG_WARN_OBJC_ROOT_CLASS = YES_ERROR;
				CLANG_WARN_QUOTED_INCLUDE_IN_FRAMEWORK_HEADER = YES;
				CLANG_WARN_RANGE_LOOP_ANALYSIS = YES;
				CLANG_WARN_STRICT_PROTOTYPES = YES;
				CLANG_WARN_SUSPICIOUS_MOVE = YES;
				CLANG_WARN_UNGUARDED_AVAILABILITY = YES_AGGRESSIVE;
				CLANG_WARN_UNREACHABLE_CODE = YES;
				CLANG_WARN__DUPLICATE_METHOD_MATCH = YES;
				COPY_PHASE_STRIP = NO;
				CURRENT_PROJECT_VERSION = 1;
				DEBUG_INFORMATION_FORMAT = "dwarf-with-dsym";
				ENABLE_NS_ASSERTIONS = NO;
				ENABLE_STRICT_OBJC_MSGSEND = YES;
				GCC_C_LANGUAGE_STANDARD = gnu11;
				GCC_NO_COMMON_BLOCKS = YES;
				GCC_WARN_64_TO_32_BIT_CONVERSION = YES;
				GCC_WARN_ABOUT_RETURN_TYPE = YES_ERROR;
				GCC_WARN_UNDECLARED_SELECTOR = YES;
				GCC_WARN_UNINITIALIZED_AUTOS = YES_AGGRESSIVE;
				GCC_WARN_UNUSED_FUNCTION = YES;
				GCC_WARN_UNUSED_VARIABLE = YES;
				IPHONEOS_DEPLOYMENT_TARGET = 15.2;
				MTL_ENABLE_DEBUG_INFO = NO;
				MTL_FAST_MATH = YES;
				SDKROOT = iphoneos;
				SWIFT_COMPILATION_MODE = wholemodule;
				SWIFT_OPTIMIZATION_LEVEL = "-O";
				VALIDATE_PRODUCT = YES;
				VERSIONING_SYSTEM = "apple-generic";
				VERSION_INFO_PREFIX = "";
			};
			name = Release;
		};
		B91B613B27BD11F400C01090 /* Debug */ = {
			isa = XCBuildConfiguration;
			buildSettings = {
				CODE_SIGN_STYLE = Automatic;
				CURRENT_PROJECT_VERSION = 1;
				DEFINES_MODULE = YES;
				DYLIB_COMPATIBILITY_VERSION = 1;
				DYLIB_CURRENT_VERSION = 1;
				DYLIB_INSTALL_NAME_BASE = "@rpath";
				GENERATE_INFOPLIST_FILE = YES;
				INFOPLIST_KEY_NSHumanReadableCopyright = "";
				INSTALL_PATH = "$(LOCAL_LIBRARY_DIR)/Frameworks";
				LD_RUNPATH_SEARCH_PATHS = (
					"$(inherited)",
					"@executable_path/Frameworks",
					"@loader_path/Frameworks",
				);
				MARKETING_VERSION = 1.0;
				PRODUCT_BUNDLE_IDENTIFIER = lastsprint.swift.chatapp.Common;
				PRODUCT_NAME = "$(TARGET_NAME:c99extidentifier)";
				SKIP_INSTALL = YES;
				SWIFT_EMIT_LOC_STRINGS = YES;
				SWIFT_VERSION = 5.0;
				TARGETED_DEVICE_FAMILY = "1,2";
			};
			name = Debug;
		};
		B91B613C27BD11F400C01090 /* Release */ = {
			isa = XCBuildConfiguration;
			buildSettings = {
				CODE_SIGN_STYLE = Automatic;
				CURRENT_PROJECT_VERSION = 1;
				DEFINES_MODULE = YES;
				DYLIB_COMPATIBILITY_VERSION = 1;
				DYLIB_CURRENT_VERSION = 1;
				DYLIB_INSTALL_NAME_BASE = "@rpath";
				GENERATE_INFOPLIST_FILE = YES;
				INFOPLIST_KEY_NSHumanReadableCopyright = "";
				INSTALL_PATH = "$(LOCAL_LIBRARY_DIR)/Frameworks";
				LD_RUNPATH_SEARCH_PATHS = (
					"$(inherited)",
					"@executable_path/Frameworks",
					"@loader_path/Frameworks",
				);
				MARKETING_VERSION = 1.0;
				PRODUCT_BUNDLE_IDENTIFIER = lastsprint.swift.chatapp.Common;
				PRODUCT_NAME = "$(TARGET_NAME:c99extidentifier)";
				SKIP_INSTALL = YES;
				SWIFT_EMIT_LOC_STRINGS = YES;
				SWIFT_VERSION = 5.0;
				TARGETED_DEVICE_FAMILY = "1,2";
			};
			name = Release;
		};
		B91B613E27BD11F400C01090 /* Debug */ = {
			isa = XCBuildConfiguration;
			buildSettings = {
				ALWAYS_EMBED_SWIFT_STANDARD_LIBRARIES = YES;
				CODE_SIGN_STYLE = Automatic;
				CURRENT_PROJECT_VERSION = 1;
				GENERATE_INFOPLIST_FILE = YES;
				MARKETING_VERSION = 1.0;
				PRODUCT_BUNDLE_IDENTIFIER = lastsprint.swift.chatapp.CommonTests;
				PRODUCT_NAME = "$(TARGET_NAME)";
				SWIFT_EMIT_LOC_STRINGS = NO;
				SWIFT_VERSION = 5.0;
				TARGETED_DEVICE_FAMILY = "1,2";
			};
			name = Debug;
		};
		B91B613F27BD11F400C01090 /* Release */ = {
			isa = XCBuildConfiguration;
			buildSettings = {
				ALWAYS_EMBED_SWIFT_STANDARD_LIBRARIES = YES;
				CODE_SIGN_STYLE = Automatic;
				CURRENT_PROJECT_VERSION = 1;
				GENERATE_INFOPLIST_FILE = YES;
				MARKETING_VERSION = 1.0;
				PRODUCT_BUNDLE_IDENTIFIER = lastsprint.swift.chatapp.CommonTests;
				PRODUCT_NAME = "$(TARGET_NAME)";
				SWIFT_EMIT_LOC_STRINGS = NO;
				SWIFT_VERSION = 5.0;
				TARGETED_DEVICE_FAMILY = "1,2";
			};
			name = Release;
		};
/* End XCBuildConfiguration section */

/* Begin XCConfigurationList section */
		B91B612027BD11F300C01090 /* Build configuration list for PBXProject "Common" */ = {
			isa = XCConfigurationList;
			buildConfigurations = (
				B91B613827BD11F400C01090 /* Debug */,
				B91B613927BD11F400C01090 /* Release */,
			);
			defaultConfigurationIsVisible = 0;
			defaultConfigurationName = Release;
		};
		B91B613A27BD11F400C01090 /* Build configuration list for PBXNativeTarget "Common" */ = {
			isa = XCConfigurationList;
			buildConfigurations = (
				B91B613B27BD11F400C01090 /* Debug */,
				B91B613C27BD11F400C01090 /* Release */,
			);
			defaultConfigurationIsVisible = 0;
			defaultConfigurationName = Release;
		};
		B91B613D27BD11F400C01090 /* Build configuration list for PBXNativeTarget "CommonTests" */ = {
			isa = XCConfigurationList;
			buildConfigurations = (
				B91B613E27BD11F400C01090 /* Debug */,
				B91B613F27BD11F400C01090 /* Release */,
			);
			defaultConfigurationIsVisible = 0;
			defaultConfigurationName = Release;
		};
/* End XCConfigurationList section */
	};
	rootObject = B91B611D27BD11F300C01090 /* Project object */;
}
