// !$*UTF8*$!
{
	archiveVersion = 1;
	classes = {
	};
	objectVersion = 55;
	objects = {

/* Begin PBXBuildFile section */
		B91B610727BD0F5800C01090 /* AppDelegate.swift in Sources */ = {isa = PBXBuildFile; fileRef = B91B610627BD0F5800C01090 /* AppDelegate.swift */; };
		B91B610927BD0F5800C01090 /* SceneDelegate.swift in Sources */ = {isa = PBXBuildFile; fileRef = B91B610827BD0F5800C01090 /* SceneDelegate.swift */; };
		B91B611027BD0F5A00C01090 /* Assets.xcassets in Resources */ = {isa = PBXBuildFile; fileRef = B91B610F27BD0F5A00C01090 /* Assets.xcassets */; };
		B91B611327BD0F5A00C01090 /* LaunchScreen.storyboard in Resources */ = {isa = PBXBuildFile; fileRef = B91B611127BD0F5A00C01090 /* LaunchScreen.storyboard */; };
		B9E22DD427E0710700BBA499 /* ExampleScreen.framework in Frameworks */ = {isa = PBXBuildFile; fileRef = B9E22DBF27E0707000BBA499 /* ExampleScreen.framework */; };
		B9E22DD527E0710700BBA499 /* ExampleScreen.framework in Embed Frameworks */ = {isa = PBXBuildFile; fileRef = B9E22DBF27E0707000BBA499 /* ExampleScreen.framework */; settings = {ATTRIBUTES = (CodeSignOnCopy, RemoveHeadersOnCopy, ); }; };
		B9E22E1927E1AE4400BBA499 /* AuthScreen.framework in Frameworks */ = {isa = PBXBuildFile; fileRef = B9E22E0727E1A21000BBA499 /* AuthScreen.framework */; };
		B9E22E1A27E1AE4400BBA499 /* AuthScreen.framework in Embed Frameworks */ = {isa = PBXBuildFile; fileRef = B9E22E0727E1A21000BBA499 /* AuthScreen.framework */; settings = {ATTRIBUTES = (CodeSignOnCopy, RemoveHeadersOnCopy, ); }; };
		B9E22E2127E1F6F100BBA499 /* Common.framework in Frameworks */ = {isa = PBXBuildFile; fileRef = B91B614627BD11F400C01090 /* Common.framework */; };
		B9E22E2227E1F6F100BBA499 /* Common.framework in Embed Frameworks */ = {isa = PBXBuildFile; fileRef = B91B614627BD11F400C01090 /* Common.framework */; settings = {ATTRIBUTES = (CodeSignOnCopy, RemoveHeadersOnCopy, ); }; };
/* End PBXBuildFile section */

/* Begin PBXContainerItemProxy section */
		B91B614527BD11F400C01090 /* PBXContainerItemProxy */ = {
			isa = PBXContainerItemProxy;
			containerPortal = B91B614027BD11F400C01090 /* Common.xcodeproj */;
			proxyType = 2;
			remoteGlobalIDString = B91B612627BD11F300C01090;
			remoteInfo = Common;
		};
		B91B614727BD11F400C01090 /* PBXContainerItemProxy */ = {
			isa = PBXContainerItemProxy;
			containerPortal = B91B614027BD11F400C01090 /* Common.xcodeproj */;
			proxyType = 2;
			remoteGlobalIDString = B91B613027BD11F400C01090;
			remoteInfo = CommonTests;
		};
		B9E22D9327E05F2000BBA499 /* PBXContainerItemProxy */ = {
			isa = PBXContainerItemProxy;
			containerPortal = B91B614027BD11F400C01090 /* Common.xcodeproj */;
			proxyType = 1;
			remoteGlobalIDString = B91B612527BD11F300C01090;
			remoteInfo = Common;
		};
		B9E22DBE27E0707000BBA499 /* PBXContainerItemProxy */ = {
			isa = PBXContainerItemProxy;
			containerPortal = B9E22DB927E0707000BBA499 /* ExampleScreen.xcodeproj */;
			proxyType = 2;
			remoteGlobalIDString = B9E22D9F27E0707000BBA499;
			remoteInfo = ExampleScreen;
		};
		B9E22DC027E0707000BBA499 /* PBXContainerItemProxy */ = {
			isa = PBXContainerItemProxy;
			containerPortal = B9E22DB927E0707000BBA499 /* ExampleScreen.xcodeproj */;
			proxyType = 2;
			remoteGlobalIDString = B9E22DA927E0707000BBA499;
			remoteInfo = ExampleScreenTests;
		};
		B9E22E0627E1A21000BBA499 /* PBXContainerItemProxy */ = {
			isa = PBXContainerItemProxy;
			containerPortal = B9E22E0127E1A20F00BBA499 /* AuthScreen.xcodeproj */;
			proxyType = 2;
			remoteGlobalIDString = B9E22DE727E1A20F00BBA499;
			remoteInfo = AuthScreen;
		};
		B9E22E0827E1A21000BBA499 /* PBXContainerItemProxy */ = {
			isa = PBXContainerItemProxy;
			containerPortal = B9E22E0127E1A20F00BBA499 /* AuthScreen.xcodeproj */;
			proxyType = 2;
			remoteGlobalIDString = B9E22DF127E1A20F00BBA499;
			remoteInfo = AuthScreenTests;
		};
/* End PBXContainerItemProxy section */

/* Begin PBXCopyFilesBuildPhase section */
		B9E22DD627E0710700BBA499 /* Embed Frameworks */ = {
			isa = PBXCopyFilesBuildPhase;
			buildActionMask = 2147483647;
			dstPath = "";
			dstSubfolderSpec = 10;
			files = (
				B9E22E2227E1F6F100BBA499 /* Common.framework in Embed Frameworks */,
				B9E22E1A27E1AE4400BBA499 /* AuthScreen.framework in Embed Frameworks */,
				B9E22DD527E0710700BBA499 /* ExampleScreen.framework in Embed Frameworks */,
			);
			name = "Embed Frameworks";
			runOnlyForDeploymentPostprocessing = 0;
		};
/* End PBXCopyFilesBuildPhase section */

/* Begin PBXFileReference section */
		B91B610327BD0F5800C01090 /* ChatApp.app */ = {isa = PBXFileReference; explicitFileType = wrapper.application; includeInIndex = 0; path = ChatApp.app; sourceTree = BUILT_PRODUCTS_DIR; };
		B91B610627BD0F5800C01090 /* AppDelegate.swift */ = {isa = PBXFileReference; lastKnownFileType = sourcecode.swift; path = AppDelegate.swift; sourceTree = "<group>"; };
		B91B610827BD0F5800C01090 /* SceneDelegate.swift */ = {isa = PBXFileReference; lastKnownFileType = sourcecode.swift; path = SceneDelegate.swift; sourceTree = "<group>"; };
		B91B610F27BD0F5A00C01090 /* Assets.xcassets */ = {isa = PBXFileReference; lastKnownFileType = folder.assetcatalog; path = Assets.xcassets; sourceTree = "<group>"; };
		B91B611227BD0F5A00C01090 /* Base */ = {isa = PBXFileReference; lastKnownFileType = file.storyboard; name = Base; path = Base.lproj/LaunchScreen.storyboard; sourceTree = "<group>"; };
		B91B611427BD0F5A00C01090 /* Info.plist */ = {isa = PBXFileReference; lastKnownFileType = text.plist.xml; path = Info.plist; sourceTree = "<group>"; };
		B91B611A27BD102500C01090 /* README.md */ = {isa = PBXFileReference; lastKnownFileType = net.daringfireball.markdown; path = README.md; sourceTree = "<group>"; };
		B91B614027BD11F400C01090 /* Common.xcodeproj */ = {isa = PBXFileReference; lastKnownFileType = "wrapper.pb-project"; name = Common.xcodeproj; path = Common/Common.xcodeproj; sourceTree = "<group>"; };
		B9E22DB927E0707000BBA499 /* ExampleScreen.xcodeproj */ = {isa = PBXFileReference; lastKnownFileType = "wrapper.pb-project"; name = ExampleScreen.xcodeproj; path = ../../../../../../Desktop/ExampleScreen/ExampleScreen.xcodeproj; sourceTree = "<group>"; };
		B9E22E0127E1A20F00BBA499 /* AuthScreen.xcodeproj */ = {isa = PBXFileReference; lastKnownFileType = "wrapper.pb-project"; name = AuthScreen.xcodeproj; path = ../../../../../../Desktop/AuthScreen/AuthScreen.xcodeproj; sourceTree = "<group>"; };
/* End PBXFileReference section */

/* Begin PBXFrameworksBuildPhase section */
		B91B610027BD0F5800C01090 /* Frameworks */ = {
			isa = PBXFrameworksBuildPhase;
			buildActionMask = 2147483647;
			files = (
				B9E22E2127E1F6F100BBA499 /* Common.framework in Frameworks */,
				B9E22DD427E0710700BBA499 /* ExampleScreen.framework in Frameworks */,
				B9E22E1927E1AE4400BBA499 /* AuthScreen.framework in Frameworks */,
			);
			runOnlyForDeploymentPostprocessing = 0;
		};
/* End PBXFrameworksBuildPhase section */

/* Begin PBXGroup section */
		B91B60FA27BD0F5800C01090 = {
			isa = PBXGroup;
			children = (
				B9E22E0127E1A20F00BBA499 /* AuthScreen.xcodeproj */,
				B9E22DB927E0707000BBA499 /* ExampleScreen.xcodeproj */,
				B91B614027BD11F400C01090 /* Common.xcodeproj */,
				B91B611A27BD102500C01090 /* README.md */,
				B91B610527BD0F5800C01090 /* ChatApp */,
				B91B610427BD0F5800C01090 /* Products */,
				B9E22D8F27E05F1B00BBA499 /* Frameworks */,
			);
			sourceTree = "<group>";
		};
		B91B610427BD0F5800C01090 /* Products */ = {
			isa = PBXGroup;
			children = (
				B91B610327BD0F5800C01090 /* ChatApp.app */,
			);
			name = Products;
			sourceTree = "<group>";
		};
		B91B610527BD0F5800C01090 /* ChatApp */ = {
			isa = PBXGroup;
			children = (
				B91B610627BD0F5800C01090 /* AppDelegate.swift */,
				B91B610827BD0F5800C01090 /* SceneDelegate.swift */,
				B91B610F27BD0F5A00C01090 /* Assets.xcassets */,
				B91B611127BD0F5A00C01090 /* LaunchScreen.storyboard */,
				B91B611427BD0F5A00C01090 /* Info.plist */,
			);
			path = ChatApp;
			sourceTree = "<group>";
		};
		B91B614127BD11F400C01090 /* Products */ = {
			isa = PBXGroup;
			children = (
				B91B614627BD11F400C01090 /* Common.framework */,
				B91B614827BD11F400C01090 /* CommonTests.xctest */,
			);
			name = Products;
			sourceTree = "<group>";
		};
		B9E22D8F27E05F1B00BBA499 /* Frameworks */ = {
			isa = PBXGroup;
			children = (
			);
			name = Frameworks;
			sourceTree = "<group>";
		};
		B9E22DBA27E0707000BBA499 /* Products */ = {
			isa = PBXGroup;
			children = (
				B9E22DBF27E0707000BBA499 /* ExampleScreen.framework */,
				B9E22DC127E0707000BBA499 /* ExampleScreenTests.xctest */,
			);
			name = Products;
			sourceTree = "<group>";
		};
		B9E22E0227E1A20F00BBA499 /* Products */ = {
			isa = PBXGroup;
			children = (
				B9E22E0727E1A21000BBA499 /* AuthScreen.framework */,
				B9E22E0927E1A21000BBA499 /* AuthScreenTests.xctest */,
			);
			name = Products;
			sourceTree = "<group>";
		};
/* End PBXGroup section */

/* Begin PBXNativeTarget section */
		B91B610227BD0F5800C01090 /* ChatApp */ = {
			isa = PBXNativeTarget;
			buildConfigurationList = B91B611727BD0F5A00C01090 /* Build configuration list for PBXNativeTarget "ChatApp" */;
			buildPhases = (
				B91B60FF27BD0F5800C01090 /* Sources */,
				B91B610027BD0F5800C01090 /* Frameworks */,
				B91B610127BD0F5800C01090 /* Resources */,
				B9E22DD627E0710700BBA499 /* Embed Frameworks */,
			);
			buildRules = (
			);
			dependencies = (
				B9E22D9427E05F2000BBA499 /* PBXTargetDependency */,
			);
			name = ChatApp;
			productName = ChatApp;
			productReference = B91B610327BD0F5800C01090 /* ChatApp.app */;
			productType = "com.apple.product-type.application";
		};
/* End PBXNativeTarget section */

/* Begin PBXProject section */
		B91B60FB27BD0F5800C01090 /* Project object */ = {
			isa = PBXProject;
			attributes = {
				BuildIndependentTargetsInParallel = 1;
				LastSwiftUpdateCheck = 1320;
				LastUpgradeCheck = 1320;
				TargetAttributes = {
					B91B610227BD0F5800C01090 = {
						CreatedOnToolsVersion = 13.2.1;
					};
				};
			};
			buildConfigurationList = B91B60FE27BD0F5800C01090 /* Build configuration list for PBXProject "ChatApp" */;
			compatibilityVersion = "Xcode 13.0";
			developmentRegion = en;
			hasScannedForEncodings = 0;
			knownRegions = (
				en,
				Base,
			);
			mainGroup = B91B60FA27BD0F5800C01090;
			productRefGroup = B91B610427BD0F5800C01090 /* Products */;
			projectDirPath = "";
			projectReferences = (
				{
					ProductGroup = B9E22E0227E1A20F00BBA499 /* Products */;
					ProjectRef = B9E22E0127E1A20F00BBA499 /* AuthScreen.xcodeproj */;
				},
				{
					ProductGroup = B91B614127BD11F400C01090 /* Products */;
					ProjectRef = B91B614027BD11F400C01090 /* Common.xcodeproj */;
				},
				{
					ProductGroup = B9E22DBA27E0707000BBA499 /* Products */;
					ProjectRef = B9E22DB927E0707000BBA499 /* ExampleScreen.xcodeproj */;
				},
			);
			projectRoot = "";
			targets = (
				B91B610227BD0F5800C01090 /* ChatApp */,
			);
		};
/* End PBXProject section */

/* Begin PBXReferenceProxy section */
		B91B614627BD11F400C01090 /* Common.framework */ = {
			isa = PBXReferenceProxy;
			fileType = wrapper.framework;
			path = Common.framework;
			remoteRef = B91B614527BD11F400C01090 /* PBXContainerItemProxy */;
			sourceTree = BUILT_PRODUCTS_DIR;
		};
		B91B614827BD11F400C01090 /* CommonTests.xctest */ = {
			isa = PBXReferenceProxy;
			fileType = wrapper.cfbundle;
			path = CommonTests.xctest;
			remoteRef = B91B614727BD11F400C01090 /* PBXContainerItemProxy */;
			sourceTree = BUILT_PRODUCTS_DIR;
		};
		B9E22DBF27E0707000BBA499 /* ExampleScreen.framework */ = {
			isa = PBXReferenceProxy;
			fileType = wrapper.framework;
			path = ExampleScreen.framework;
			remoteRef = B9E22DBE27E0707000BBA499 /* PBXContainerItemProxy */;
			sourceTree = BUILT_PRODUCTS_DIR;
		};
		B9E22DC127E0707000BBA499 /* ExampleScreenTests.xctest */ = {
			isa = PBXReferenceProxy;
			fileType = wrapper.cfbundle;
			path = ExampleScreenTests.xctest;
			remoteRef = B9E22DC027E0707000BBA499 /* PBXContainerItemProxy */;
			sourceTree = BUILT_PRODUCTS_DIR;
		};
		B9E22E0727E1A21000BBA499 /* AuthScreen.framework */ = {
			isa = PBXReferenceProxy;
			fileType = wrapper.framework;
			path = AuthScreen.framework;
			remoteRef = B9E22E0627E1A21000BBA499 /* PBXContainerItemProxy */;
			sourceTree = BUILT_PRODUCTS_DIR;
		};
		B9E22E0927E1A21000BBA499 /* AuthScreenTests.xctest */ = {
			isa = PBXReferenceProxy;
			fileType = wrapper.cfbundle;
			path = AuthScreenTests.xctest;
			remoteRef = B9E22E0827E1A21000BBA499 /* PBXContainerItemProxy */;
			sourceTree = BUILT_PRODUCTS_DIR;
		};
/* End PBXReferenceProxy section */

/* Begin PBXResourcesBuildPhase section */
		B91B610127BD0F5800C01090 /* Resources */ = {
			isa = PBXResourcesBuildPhase;
			buildActionMask = 2147483647;
			files = (
				B91B611327BD0F5A00C01090 /* LaunchScreen.storyboard in Resources */,
				B91B611027BD0F5A00C01090 /* Assets.xcassets in Resources */,
			);
			runOnlyForDeploymentPostprocessing = 0;
		};
/* End PBXResourcesBuildPhase section */

/* Begin PBXSourcesBuildPhase section */
		B91B60FF27BD0F5800C01090 /* Sources */ = {
			isa = PBXSourcesBuildPhase;
			buildActionMask = 2147483647;
			files = (
				B91B610727BD0F5800C01090 /* AppDelegate.swift in Sources */,
				B91B610927BD0F5800C01090 /* SceneDelegate.swift in Sources */,
			);
			runOnlyForDeploymentPostprocessing = 0;
		};
/* End PBXSourcesBuildPhase section */

/* Begin PBXTargetDependency section */
		B9E22D9427E05F2000BBA499 /* PBXTargetDependency */ = {
			isa = PBXTargetDependency;
			name = Common;
			targetProxy = B9E22D9327E05F2000BBA499 /* PBXContainerItemProxy */;
		};
/* End PBXTargetDependency section */

/* Begin PBXVariantGroup section */
		B91B611127BD0F5A00C01090 /* LaunchScreen.storyboard */ = {
			isa = PBXVariantGroup;
			children = (
				B91B611227BD0F5A00C01090 /* Base */,
			);
			name = LaunchScreen.storyboard;
			sourceTree = "<group>";
		};
/* End PBXVariantGroup section */

/* Begin XCBuildConfiguration section */
		B91B611527BD0F5A00C01090 /* Debug */ = {
			isa = XCBuildConfiguration;
			buildSettings = {
				ALWAYS_SEARCH_USER_PATHS = NO;
				CLANG_ANALYZER_NONNULL = YES;
				CLANG_ANALYZER_NUMBER_OBJECT_CONVERSION = YES_AGGRESSIVE;
				CLANG_CXX_LANGUAGE_STANDARD = "gnu++17";
				CLANG_CXX_LIBRARY = "libc++";
				CLANG_ENABLE_MODULES = YES;
				CLANG_ENABLE_OBJC_ARC = YES;
				CLANG_ENABLE_OBJC_WEAK = YES;
				CLANG_WARN_BLOCK_CAPTURE_AUTORELEASING = YES;
				CLANG_WARN_BOOL_CONVERSION = YES;
				CLANG_WARN_COMMA = YES;
				CLANG_WARN_CONSTANT_CONVERSION = YES;
				CLANG_WARN_DEPRECATED_OBJC_IMPLEMENTATIONS = YES;
				CLANG_WARN_DIRECT_OBJC_ISA_USAGE = YES_ERROR;
				CLANG_WARN_DOCUMENTATION_COMMENTS = YES;
				CLANG_WARN_EMPTY_BODY = YES;
				CLANG_WARN_ENUM_CONVERSION = YES;
				CLANG_WARN_INFINITE_RECURSION = YES;
				CLANG_WARN_INT_CONVERSION = YES;
				CLANG_WARN_NON_LITERAL_NULL_CONVERSION = YES;
				CLANG_WARN_OBJC_IMPLICIT_RETAIN_SELF = YES;
				CLANG_WARN_OBJC_LITERAL_CONVERSION = YES;
				CLANG_WARN_OBJC_ROOT_CLASS = YES_ERROR;
				CLANG_WARN_QUOTED_INCLUDE_IN_FRAMEWORK_HEADER = YES;
				CLANG_WARN_RANGE_LOOP_ANALYSIS = YES;
				CLANG_WARN_STRICT_PROTOTYPES = YES;
				CLANG_WARN_SUSPICIOUS_MOVE = YES;
				CLANG_WARN_UNGUARDED_AVAILABILITY = YES_AGGRESSIVE;
				CLANG_WARN_UNREACHABLE_CODE = YES;
				CLANG_WARN__DUPLICATE_METHOD_MATCH = YES;
				COPY_PHASE_STRIP = NO;
				DEBUG_INFORMATION_FORMAT = dwarf;
				ENABLE_STRICT_OBJC_MSGSEND = YES;
				ENABLE_TESTABILITY = YES;
				GCC_C_LANGUAGE_STANDARD = gnu11;
				GCC_DYNAMIC_NO_PIC = NO;
				GCC_NO_COMMON_BLOCKS = YES;
				GCC_OPTIMIZATION_LEVEL = 0;
				GCC_PREPROCESSOR_DEFINITIONS = (
					"DEBUG=1",
					"$(inherited)",
				);
				GCC_WARN_64_TO_32_BIT_CONVERSION = YES;
				GCC_WARN_ABOUT_RETURN_TYPE = YES_ERROR;
				GCC_WARN_UNDECLARED_SELECTOR = YES;
				GCC_WARN_UNINITIALIZED_AUTOS = YES_AGGRESSIVE;
				GCC_WARN_UNUSED_FUNCTION = YES;
				GCC_WARN_UNUSED_VARIABLE = YES;
				IPHONEOS_DEPLOYMENT_TARGET = 15.2;
				MTL_ENABLE_DEBUG_INFO = INCLUDE_SOURCE;
				MTL_FAST_MATH = YES;
				ONLY_ACTIVE_ARCH = YES;
				SDKROOT = iphoneos;
				SWIFT_ACTIVE_COMPILATION_CONDITIONS = DEBUG;
				SWIFT_OPTIMIZATION_LEVEL = "-Onone";
			};
			name = Debug;
		};
		B91B611627BD0F5A00C01090 /* Release */ = {
			isa = XCBuildConfiguration;
			buildSettings = {
				ALWAYS_SEARCH_USER_PATHS = NO;
				CLANG_ANALYZER_NONNULL = YES;
				CLANG_ANALYZER_NUMBER_OBJECT_CONVERSION = YES_AGGRESSIVE;
				CLANG_CXX_LANGUAGE_STANDARD = "gnu++17";
				CLANG_CXX_LIBRARY = "libc++";
				CLANG_ENABLE_MODULES = YES;
				CLANG_ENABLE_OBJC_ARC = YES;
				CLANG_ENABLE_OBJC_WEAK = YES;
				CLANG_WARN_BLOCK_CAPTURE_AUTORELEASING = YES;
				CLANG_WARN_BOOL_CONVERSION = YES;
				CLANG_WARN_COMMA = YES;
				CLANG_WARN_CONSTANT_CONVERSION = YES;
				CLANG_WARN_DEPRECATED_OBJC_IMPLEMENTATIONS = YES;
				CLANG_WARN_DIRECT_OBJC_ISA_USAGE = YES_ERROR;
				CLANG_WARN_DOCUMENTATION_COMMENTS = YES;
				CLANG_WARN_EMPTY_BODY = YES;
				CLANG_WARN_ENUM_CONVERSION = YES;
				CLANG_WARN_INFINITE_RECURSION = YES;
				CLANG_WARN_INT_CONVERSION = YES;
				CLANG_WARN_NON_LITERAL_NULL_CONVERSION = YES;
				CLANG_WARN_OBJC_IMPLICIT_RETAIN_SELF = YES;
				CLANG_WARN_OBJC_LITERAL_CONVERSION = YES;
				CLANG_WARN_OBJC_ROOT_CLASS = YES_ERROR;
				CLANG_WARN_QUOTED_INCLUDE_IN_FRAMEWORK_HEADER = YES;
				CLANG_WARN_RANGE_LOOP_ANALYSIS = YES;
				CLANG_WARN_STRICT_PROTOTYPES = YES;
				CLANG_WARN_SUSPICIOUS_MOVE = YES;
				CLANG_WARN_UNGUARDED_AVAILABILITY = YES_AGGRESSIVE;
				CLANG_WARN_UNREACHABLE_CODE = YES;
				CLANG_WARN__DUPLICATE_METHOD_MATCH = YES;
				COPY_PHASE_STRIP = NO;
				DEBUG_INFORMATION_FORMAT = "dwarf-with-dsym";
				ENABLE_NS_ASSERTIONS = NO;
				ENABLE_STRICT_OBJC_MSGSEND = YES;
				GCC_C_LANGUAGE_STANDARD = gnu11;
				GCC_NO_COMMON_BLOCKS = YES;
				GCC_WARN_64_TO_32_BIT_CONVERSION = YES;
				GCC_WARN_ABOUT_RETURN_TYPE = YES_ERROR;
				GCC_WARN_UNDECLARED_SELECTOR = YES;
				GCC_WARN_UNINITIALIZED_AUTOS = YES_AGGRESSIVE;
				GCC_WARN_UNUSED_FUNCTION = YES;
				GCC_WARN_UNUSED_VARIABLE = YES;
				IPHONEOS_DEPLOYMENT_TARGET = 15.2;
				MTL_ENABLE_DEBUG_INFO = NO;
				MTL_FAST_MATH = YES;
				SDKROOT = iphoneos;
				SWIFT_COMPILATION_MODE = wholemodule;
				SWIFT_OPTIMIZATION_LEVEL = "-O";
				VALIDATE_PRODUCT = YES;
			};
			name = Release;
		};
		B91B611827BD0F5A00C01090 /* Debug */ = {
			isa = XCBuildConfiguration;
			buildSettings = {
				ASSETCATALOG_COMPILER_APPICON_NAME = AppIcon;
				ASSETCATALOG_COMPILER_GLOBAL_ACCENT_COLOR_NAME = AccentColor;
				CODE_SIGN_IDENTITY = "Apple Development";
				CODE_SIGN_STYLE = Automatic;
				CURRENT_PROJECT_VERSION = 1;
				DEVELOPMENT_TEAM = ZJ45BEVK69;
				GENERATE_INFOPLIST_FILE = YES;
				INFOPLIST_FILE = ChatApp/Info.plist;
				INFOPLIST_KEY_UIApplicationSupportsIndirectInputEvents = YES;
				INFOPLIST_KEY_UILaunchStoryboardName = LaunchScreen;
				INFOPLIST_KEY_UISupportedInterfaceOrientations_iPad = "UIInterfaceOrientationPortrait UIInterfaceOrientationPortraitUpsideDown UIInterfaceOrientationLandscapeLeft UIInterfaceOrientationLandscapeRight";
				INFOPLIST_KEY_UISupportedInterfaceOrientations_iPhone = "UIInterfaceOrientationPortrait UIInterfaceOrientationLandscapeLeft UIInterfaceOrientationLandscapeRight";
				LD_RUNPATH_SEARCH_PATHS = (
					"$(inherited)",
					"@executable_path/Frameworks",
				);
				MARKETING_VERSION = 1.0;
				PRODUCT_BUNDLE_IDENTIFIER = lastsprint.swift.ChatApp;
				PRODUCT_NAME = "$(TARGET_NAME)";
				PROVISIONING_PROFILE_SPECIFIER = "";
				SWIFT_EMIT_LOC_STRINGS = YES;
				SWIFT_VERSION = 5.0;
				TARGETED_DEVICE_FAMILY = "1,2";
			};
			name = Debug;
		};
		B91B611927BD0F5A00C01090 /* Release */ = {
			isa = XCBuildConfiguration;
			buildSettings = {
				ASSETCATALOG_COMPILER_APPICON_NAME = AppIcon;
				ASSETCATALOG_COMPILER_GLOBAL_ACCENT_COLOR_NAME = AccentColor;
				CODE_SIGN_IDENTITY = "Apple Development";
				CODE_SIGN_STYLE = Automatic;
				CURRENT_PROJECT_VERSION = 1;
				DEVELOPMENT_TEAM = ZJ45BEVK69;
				GENERATE_INFOPLIST_FILE = YES;
				INFOPLIST_FILE = ChatApp/Info.plist;
				INFOPLIST_KEY_UIApplicationSupportsIndirectInputEvents = YES;
				INFOPLIST_KEY_UILaunchStoryboardName = LaunchScreen;
				INFOPLIST_KEY_UISupportedInterfaceOrientations_iPad = "UIInterfaceOrientationPortrait UIInterfaceOrientationPortraitUpsideDown UIInterfaceOrientationLandscapeLeft UIInterfaceOrientationLandscapeRight";
				INFOPLIST_KEY_UISupportedInterfaceOrientations_iPhone = "UIInterfaceOrientationPortrait UIInterfaceOrientationLandscapeLeft UIInterfaceOrientationLandscapeRight";
				LD_RUNPATH_SEARCH_PATHS = (
					"$(inherited)",
					"@executable_path/Frameworks",
				);
				MARKETING_VERSION = 1.0;
				PRODUCT_BUNDLE_IDENTIFIER = lastsprint.swift.ChatApp;
				PRODUCT_NAME = "$(TARGET_NAME)";
				PROVISIONING_PROFILE_SPECIFIER = "";
				SWIFT_EMIT_LOC_STRINGS = YES;
				SWIFT_VERSION = 5.0;
				TARGETED_DEVICE_FAMILY = "1,2";
			};
			name = Release;
		};
/* End XCBuildConfiguration section */

/* Begin XCConfigurationList section */
		B91B60FE27BD0F5800C01090 /* Build configuration list for PBXProject "ChatApp" */ = {
			isa = XCConfigurationList;
			buildConfigurations = (
				B91B611527BD0F5A00C01090 /* Debug */,
				B91B611627BD0F5A00C01090 /* Release */,
			);
			defaultConfigurationIsVisible = 0;
			defaultConfigurationName = Release;
		};
		B91B611727BD0F5A00C01090 /* Build configuration list for PBXNativeTarget "ChatApp" */ = {
			isa = XCConfigurationList;
			buildConfigurations = (
				B91B611827BD0F5A00C01090 /* Debug */,
				B91B611927BD0F5A00C01090 /* Release */,
			);
			defaultConfigurationIsVisible = 0;
			defaultConfigurationName = Release;
		};
/* End XCConfigurationList section */
	};
	rootObject = B91B60FB27BD0F5800C01090 /* Project object */;
}
