// !$*UTF8*$!
{
	archiveVersion = 1;
	classes = {
	};
	objectVersion = 55;
	objects = {

/* Begin PBXBuildFile section */
		B9D0284027E43BDF001B8305 /* ExampleScreen.docc in Sources */ = {isa = PBXBuildFile; fileRef = B9D0283F27E43BDF001B8305 /* ExampleScreen.docc */; };
		B9D0284627E43BDF001B8305 /* ExampleScreen.framework in Frameworks */ = {isa = PBXBuildFile; fileRef = B9D0283B27E43BDF001B8305 /* ExampleScreen.framework */; };
		B9D0284C27E43BDF001B8305 /* ExampleScreen.h in Headers */ = {isa = PBXBuildFile; fileRef = B9D0283E27E43BDF001B8305 /* ExampleScreen.h */; settings = {ATTRIBUTES = (Public, ); }; };
		B9D028C027E43E9B001B8305 /* Assembler.swift in Sources */ = {isa = PBXBuildFile; fileRef = B9D028BC27E43E9B001B8305 /* Assembler.swift */; };
		B9D028C127E43E9B001B8305 /* Controller.swift in Sources */ = {isa = PBXBuildFile; fileRef = B9D028BD27E43E9B001B8305 /* Controller.swift */; };
		B9D028C227E43E9B001B8305 /* Service.swift in Sources */ = {isa = PBXBuildFile; fileRef = B9D028BE27E43E9B001B8305 /* Service.swift */; };
		B9D028C327E43E9B001B8305 /* Presenter.swift in Sources */ = {isa = PBXBuildFile; fileRef = B9D028BF27E43E9B001B8305 /* Presenter.swift */; };
		B9FDFA3327E45A45002E034C /* Common.framework in Frameworks */ = {isa = PBXBuildFile; fileRef = B9FDFA3227E45A45002E034C /* Common.framework */; };
		B9FDFA3427E45A46002E034C /* Common.framework in Embed Frameworks */ = {isa = PBXBuildFile; fileRef = B9FDFA3227E45A45002E034C /* Common.framework */; settings = {ATTRIBUTES = (CodeSignOnCopy, RemoveHeadersOnCopy, ); }; };
/* End PBXBuildFile section */

/* Begin PBXContainerItemProxy section */
		B9D0284727E43BDF001B8305 /* PBXContainerItemProxy */ = {
			isa = PBXContainerItemProxy;
			containerPortal = B9D0283227E43BDF001B8305 /* Project object */;
			proxyType = 1;
			remoteGlobalIDString = B9D0283A27E43BDF001B8305;
			remoteInfo = ExampleScreen;
		};
/* End PBXContainerItemProxy section */

/* Begin PBXCopyFilesBuildPhase section */
		B9FDFA3527E45A46002E034C /* Embed Frameworks */ = {
			isa = PBXCopyFilesBuildPhase;
			buildActionMask = 2147483647;
			dstPath = "";
			dstSubfolderSpec = 10;
			files = (
				B9FDFA3427E45A46002E034C /* Common.framework in Embed Frameworks */,
			);
			name = "Embed Frameworks";
			runOnlyForDeploymentPostprocessing = 0;
		};
/* End PBXCopyFilesBuildPhase section */

/* Begin PBXFileReference section */
		B9D0283B27E43BDF001B8305 /* ExampleScreen.framework */ = {isa = PBXFileReference; explicitFileType = wrapper.framework; includeInIndex = 0; path = ExampleScreen.framework; sourceTree = BUILT_PRODUCTS_DIR; };
		B9D0283E27E43BDF001B8305 /* ExampleScreen.h */ = {isa = PBXFileReference; lastKnownFileType = sourcecode.c.h; path = ExampleScreen.h; sourceTree = "<group>"; };
		B9D0283F27E43BDF001B8305 /* ExampleScreen.docc */ = {isa = PBXFileReference; lastKnownFileType = folder.documentationcatalog; path = ExampleScreen.docc; sourceTree = "<group>"; };
		B9D0284527E43BDF001B8305 /* ExampleScreenTests.xctest */ = {isa = PBXFileReference; explicitFileType = wrapper.cfbundle; includeInIndex = 0; path = ExampleScreenTests.xctest; sourceTree = BUILT_PRODUCTS_DIR; };
		B9D028BC27E43E9B001B8305 /* Assembler.swift */ = {isa = PBXFileReference; fileEncoding = 4; lastKnownFileType = sourcecode.swift; path = Assembler.swift; sourceTree = "<group>"; };
		B9D028BD27E43E9B001B8305 /* Controller.swift */ = {isa = PBXFileReference; fileEncoding = 4; lastKnownFileType = sourcecode.swift; path = Controller.swift; sourceTree = "<group>"; };
		B9D028BE27E43E9B001B8305 /* Service.swift */ = {isa = PBXFileReference; fileEncoding = 4; lastKnownFileType = sourcecode.swift; path = Service.swift; sourceTree = "<group>"; };
		B9D028BF27E43E9B001B8305 /* Presenter.swift */ = {isa = PBXFileReference; fileEncoding = 4; lastKnownFileType = sourcecode.swift; path = Presenter.swift; sourceTree = "<group>"; };
		B9FDFA3227E45A45002E034C /* Common.framework */ = {isa = PBXFileReference; explicitFileType = wrapper.framework; path = Common.framework; sourceTree = BUILT_PRODUCTS_DIR; };
/* End PBXFileReference section */

/* Begin PBXFrameworksBuildPhase section */
		B9D0283827E43BDF001B8305 /* Frameworks */ = {
			isa = PBXFrameworksBuildPhase;
			buildActionMask = 2147483647;
			files = (
				B9FDFA3327E45A45002E034C /* Common.framework in Frameworks */,
			);
			runOnlyForDeploymentPostprocessing = 0;
		};
		B9D0284227E43BDF001B8305 /* Frameworks */ = {
			isa = PBXFrameworksBuildPhase;
			buildActionMask = 2147483647;
			files = (
				B9D0284627E43BDF001B8305 /* ExampleScreen.framework in Frameworks */,
			);
			runOnlyForDeploymentPostprocessing = 0;
		};
/* End PBXFrameworksBuildPhase section */

/* Begin PBXGroup section */
		B9D0283127E43BDF001B8305 = {
			isa = PBXGroup;
			children = (
				B9D0283D27E43BDF001B8305 /* ExampleScreen */,
				B9D0283C27E43BDF001B8305 /* Products */,
				B9FDFA3127E45A45002E034C /* Frameworks */,
			);
			sourceTree = "<group>";
		};
		B9D0283C27E43BDF001B8305 /* Products */ = {
			isa = PBXGroup;
			children = (
				B9D0283B27E43BDF001B8305 /* ExampleScreen.framework */,
				B9D0284527E43BDF001B8305 /* ExampleScreenTests.xctest */,
			);
			name = Products;
			sourceTree = "<group>";
		};
		B9D0283D27E43BDF001B8305 /* ExampleScreen */ = {
			isa = PBXGroup;
			children = (
				B9D028BC27E43E9B001B8305 /* Assembler.swift */,
				B9D028BD27E43E9B001B8305 /* Controller.swift */,
				B9D028BF27E43E9B001B8305 /* Presenter.swift */,
				B9D028BE27E43E9B001B8305 /* Service.swift */,
				B9D0283E27E43BDF001B8305 /* ExampleScreen.h */,
				B9D0283F27E43BDF001B8305 /* ExampleScreen.docc */,
			);
			path = ExampleScreen;
			sourceTree = "<group>";
		};
		B9FDFA3127E45A45002E034C /* Frameworks */ = {
			isa = PBXGroup;
			children = (
				B9FDFA3227E45A45002E034C /* Common.framework */,
			);
			name = Frameworks;
			sourceTree = "<group>";
		};
/* End PBXGroup section */

/* Begin PBXHeadersBuildPhase section */
		B9D0283627E43BDF001B8305 /* Headers */ = {
			isa = PBXHeadersBuildPhase;
			buildActionMask = 2147483647;
			files = (
				B9D0284C27E43BDF001B8305 /* ExampleScreen.h in Headers */,
			);
			runOnlyForDeploymentPostprocessing = 0;
		};
/* End PBXHeadersBuildPhase section */

/* Begin PBXNativeTarget section */
		B9D0283A27E43BDF001B8305 /* ExampleScreen */ = {
			isa = PBXNativeTarget;
			buildConfigurationList = B9D0284F27E43BDF001B8305 /* Build configuration list for PBXNativeTarget "ExampleScreen" */;
			buildPhases = (
				B9D0283627E43BDF001B8305 /* Headers */,
				B9D0283727E43BDF001B8305 /* Sources */,
				B9D0283827E43BDF001B8305 /* Frameworks */,
				B9D0283927E43BDF001B8305 /* Resources */,
				B9FDFA3527E45A46002E034C /* Embed Frameworks */,
			);
			buildRules = (
			);
			dependencies = (
			);
			name = ExampleScreen;
			productName = ExampleScreen;
			productReference = B9D0283B27E43BDF001B8305 /* ExampleScreen.framework */;
			productType = "com.apple.product-type.framework";
		};
		B9D0284427E43BDF001B8305 /* ExampleScreenTests */ = {
			isa = PBXNativeTarget;
			buildConfigurationList = B9D0285227E43BDF001B8305 /* Build configuration list for PBXNativeTarget "ExampleScreenTests" */;
			buildPhases = (
				B9D0284127E43BDF001B8305 /* Sources */,
				B9D0284227E43BDF001B8305 /* Frameworks */,
				B9D0284327E43BDF001B8305 /* Resources */,
			);
			buildRules = (
			);
			dependencies = (
				B9D0284827E43BDF001B8305 /* PBXTargetDependency */,
			);
			name = ExampleScreenTests;
			productName = ExampleScreenTests;
			productReference = B9D0284527E43BDF001B8305 /* ExampleScreenTests.xctest */;
			productType = "com.apple.product-type.bundle.unit-test";
		};
/* End PBXNativeTarget section */

/* Begin PBXProject section */
		B9D0283227E43BDF001B8305 /* Project object */ = {
			isa = PBXProject;
			attributes = {
				BuildIndependentTargetsInParallel = 1;
				LastSwiftUpdateCheck = 1320;
				LastUpgradeCheck = 1320;
				TargetAttributes = {
					B9D0283A27E43BDF001B8305 = {
						CreatedOnToolsVersion = 13.2.1;
					};
					B9D0284427E43BDF001B8305 = {
						CreatedOnToolsVersion = 13.2.1;
					};
				};
			};
			buildConfigurationList = B9D0283527E43BDF001B8305 /* Build configuration list for PBXProject "ExampleScreen" */;
			compatibilityVersion = "Xcode 13.0";
			developmentRegion = en;
			hasScannedForEncodings = 0;
			knownRegions = (
				en,
				Base,
			);
			mainGroup = B9D0283127E43BDF001B8305;
			productRefGroup = B9D0283C27E43BDF001B8305 /* Products */;
			projectDirPath = "";
			projectRoot = "";
			targets = (
				B9D0283A27E43BDF001B8305 /* ExampleScreen */,
				B9D0284427E43BDF001B8305 /* ExampleScreenTests */,
			);
		};
/* End PBXProject section */

/* Begin PBXResourcesBuildPhase section */
		B9D0283927E43BDF001B8305 /* Resources */ = {
			isa = PBXResourcesBuildPhase;
			buildActionMask = 2147483647;
			files = (
			);
			runOnlyForDeploymentPostprocessing = 0;
		};
		B9D0284327E43BDF001B8305 /* Resources */ = {
			isa = PBXResourcesBuildPhase;
			buildActionMask = 2147483647;
			files = (
			);
			runOnlyForDeploymentPostprocessing = 0;
		};
/* End PBXResourcesBuildPhase section */

/* Begin PBXSourcesBuildPhase section */
		B9D0283727E43BDF001B8305 /* Sources */ = {
			isa = PBXSourcesBuildPhase;
			buildActionMask = 2147483647;
			files = (
				B9D028C127E43E9B001B8305 /* Controller.swift in Sources */,
				B9D028C227E43E9B001B8305 /* Service.swift in Sources */,
				B9D028C027E43E9B001B8305 /* Assembler.swift in Sources */,
				B9D0284027E43BDF001B8305 /* ExampleScreen.docc in Sources */,
				B9D028C327E43E9B001B8305 /* Presenter.swift in Sources */,
			);
			runOnlyForDeploymentPostprocessing = 0;
		};
		B9D0284127E43BDF001B8305 /* Sources */ = {
			isa = PBXSourcesBuildPhase;
			buildActionMask = 2147483647;
			files = (
			);
			runOnlyForDeploymentPostprocessing = 0;
		};
/* End PBXSourcesBuildPhase section */

/* Begin PBXTargetDependency section */
		B9D0284827E43BDF001B8305 /* PBXTargetDependency */ = {
			isa = PBXTargetDependency;
			target = B9D0283A27E43BDF001B8305 /* ExampleScreen */;
			targetProxy = B9D0284727E43BDF001B8305 /* PBXContainerItemProxy */;
		};
/* End PBXTargetDependency section */

/* Begin XCBuildConfiguration section */
		B9D0284D27E43BDF001B8305 /* Debug */ = {
			isa = XCBuildConfiguration;
			buildSettings = {
				ALWAYS_SEARCH_USER_PATHS = NO;
				CLANG_ANALYZER_NONNULL = YES;
				CLANG_ANALYZER_NUMBER_OBJECT_CONVERSION = YES_AGGRESSIVE;
				CLANG_CXX_LANGUAGE_STANDARD = "gnu++17";
				CLANG_CXX_LIBRARY = "libc++";
				CLANG_ENABLE_MODULES = YES;
				CLANG_ENABLE_OBJC_ARC = YES;
				CLANG_ENABLE_OBJC_WEAK = YES;
				CLANG_WARN_BLOCK_CAPTURE_AUTORELEASING = YES;
				CLANG_WARN_BOOL_CONVERSION = YES;
				CLANG_WARN_COMMA = YES;
				CLANG_WARN_CONSTANT_CONVERSION = YES;
				CLANG_WARN_DEPRECATED_OBJC_IMPLEMENTATIONS = YES;
				CLANG_WARN_DIRECT_OBJC_ISA_USAGE = YES_ERROR;
				CLANG_WARN_DOCUMENTATION_COMMENTS = YES;
				CLANG_WARN_EMPTY_BODY = YES;
				CLANG_WARN_ENUM_CONVERSION = YES;
				CLANG_WARN_INFINITE_RECURSION = YES;
				CLANG_WARN_INT_CONVERSION = YES;
				CLANG_WARN_NON_LITERAL_NULL_CONVERSION = YES;
				CLANG_WARN_OBJC_IMPLICIT_RETAIN_SELF = YES;
				CLANG_WARN_OBJC_LITERAL_CONVERSION = YES;
				CLANG_WARN_OBJC_ROOT_CLASS = YES_ERROR;
				CLANG_WARN_QUOTED_INCLUDE_IN_FRAMEWORK_HEADER = YES;
				CLANG_WARN_RANGE_LOOP_ANALYSIS = YES;
				CLANG_WARN_STRICT_PROTOTYPES = YES;
				CLANG_WARN_SUSPICIOUS_MOVE = YES;
				CLANG_WARN_UNGUARDED_AVAILABILITY = YES_AGGRESSIVE;
				CLANG_WARN_UNREACHABLE_CODE = YES;
				CLANG_WARN__DUPLICATE_METHOD_MATCH = YES;
				COPY_PHASE_STRIP = NO;
				CURRENT_PROJECT_VERSION = 1;
				DEBUG_INFORMATION_FORMAT = dwarf;
				ENABLE_STRICT_OBJC_MSGSEND = YES;
				ENABLE_TESTABILITY = YES;
				GCC_C_LANGUAGE_STANDARD = gnu11;
				GCC_DYNAMIC_NO_PIC = NO;
				GCC_NO_COMMON_BLOCKS = YES;
				GCC_OPTIMIZATION_LEVEL = 0;
				GCC_PREPROCESSOR_DEFINITIONS = (
					"DEBUG=1",
					"$(inherited)",
				);
				GCC_WARN_64_TO_32_BIT_CONVERSION = YES;
				GCC_WARN_ABOUT_RETURN_TYPE = YES_ERROR;
				GCC_WARN_UNDECLARED_SELECTOR = YES;
				GCC_WARN_UNINITIALIZED_AUTOS = YES_AGGRESSIVE;
				GCC_WARN_UNUSED_FUNCTION = YES;
				GCC_WARN_UNUSED_VARIABLE = YES;
				IPHONEOS_DEPLOYMENT_TARGET = 15.2;
				MTL_ENABLE_DEBUG_INFO = INCLUDE_SOURCE;
				MTL_FAST_MATH = YES;
				ONLY_ACTIVE_ARCH = YES;
				SDKROOT = iphoneos;
				SWIFT_ACTIVE_COMPILATION_CONDITIONS = DEBUG;
				SWIFT_OPTIMIZATION_LEVEL = "-Onone";
				VERSIONING_SYSTEM = "apple-generic";
				VERSION_INFO_PREFIX = "";
			};
			name = Debug;
		};
		B9D0284E27E43BDF001B8305 /* Release */ = {
			isa = XCBuildConfiguration;
			buildSettings = {
				ALWAYS_SEARCH_USER_PATHS = NO;
				CLANG_ANALYZER_NONNULL = YES;
				CLANG_ANALYZER_NUMBER_OBJECT_CONVERSION = YES_AGGRESSIVE;
				CLANG_CXX_LANGUAGE_STANDARD = "gnu++17";
				CLANG_CXX_LIBRARY = "libc++";
				CLANG_ENABLE_MODULES = YES;
				CLANG_ENABLE_OBJC_ARC = YES;
				CLANG_ENABLE_OBJC_WEAK = YES;
				CLANG_WARN_BLOCK_CAPTURE_AUTORELEASING = YES;
				CLANG_WARN_BOOL_CONVERSION = YES;
				CLANG_WARN_COMMA = YES;
				CLANG_WARN_CONSTANT_CONVERSION = YES;
				CLANG_WARN_DEPRECATED_OBJC_IMPLEMENTATIONS = YES;
				CLANG_WARN_DIRECT_OBJC_ISA_USAGE = YES_ERROR;
				CLANG_WARN_DOCUMENTATION_COMMENTS = YES;
				CLANG_WARN_EMPTY_BODY = YES;
				CLANG_WARN_ENUM_CONVERSION = YES;
				CLANG_WARN_INFINITE_RECURSION = YES;
				CLANG_WARN_INT_CONVERSION = YES;
				CLANG_WARN_NON_LITERAL_NULL_CONVERSION = YES;
				CLANG_WARN_OBJC_IMPLICIT_RETAIN_SELF = YES;
				CLANG_WARN_OBJC_LITERAL_CONVERSION = YES;
				CLANG_WARN_OBJC_ROOT_CLASS = YES_ERROR;
				CLANG_WARN_QUOTED_INCLUDE_IN_FRAMEWORK_HEADER = YES;
				CLANG_WARN_RANGE_LOOP_ANALYSIS = YES;
				CLANG_WARN_STRICT_PROTOTYPES = YES;
				CLANG_WARN_SUSPICIOUS_MOVE = YES;
				CLANG_WARN_UNGUARDED_AVAILABILITY = YES_AGGRESSIVE;
				CLANG_WARN_UNREACHABLE_CODE = YES;
				CLANG_WARN__DUPLICATE_METHOD_MATCH = YES;
				COPY_PHASE_STRIP = NO;
				CURRENT_PROJECT_VERSION = 1;
				DEBUG_INFORMATION_FORMAT = "dwarf-with-dsym";
				ENABLE_NS_ASSERTIONS = NO;
				ENABLE_STRICT_OBJC_MSGSEND = YES;
				GCC_C_LANGUAGE_STANDARD = gnu11;
				GCC_NO_COMMON_BLOCKS = YES;
				GCC_WARN_64_TO_32_BIT_CONVERSION = YES;
				GCC_WARN_ABOUT_RETURN_TYPE = YES_ERROR;
				GCC_WARN_UNDECLARED_SELECTOR = YES;
				GCC_WARN_UNINITIALIZED_AUTOS = YES_AGGRESSIVE;
				GCC_WARN_UNUSED_FUNCTION = YES;
				GCC_WARN_UNUSED_VARIABLE = YES;
				IPHONEOS_DEPLOYMENT_TARGET = 15.2;
				MTL_ENABLE_DEBUG_INFO = NO;
				MTL_FAST_MATH = YES;
				SDKROOT = iphoneos;
				SWIFT_COMPILATION_MODE = wholemodule;
				SWIFT_OPTIMIZATION_LEVEL = "-O";
				VALIDATE_PRODUCT = YES;
				VERSIONING_SYSTEM = "apple-generic";
				VERSION_INFO_PREFIX = "";
			};
			name = Release;
		};
		B9D0285027E43BDF001B8305 /* Debug */ = {
			isa = XCBuildConfiguration;
			buildSettings = {
				CODE_SIGN_STYLE = Automatic;
				CURRENT_PROJECT_VERSION = 1;
				DEFINES_MODULE = YES;
				DYLIB_COMPATIBILITY_VERSION = 1;
				DYLIB_CURRENT_VERSION = 1;
				DYLIB_INSTALL_NAME_BASE = "@rpath";
				GENERATE_INFOPLIST_FILE = YES;
				INFOPLIST_KEY_NSHumanReadableCopyright = "";
				INSTALL_PATH = "$(LOCAL_LIBRARY_DIR)/Frameworks";
				LD_RUNPATH_SEARCH_PATHS = (
					"$(inherited)",
					"@executable_path/Frameworks",
					"@loader_path/Frameworks",
				);
				MARKETING_VERSION = 1.0;
				PRODUCT_BUNDLE_IDENTIFIER = lastsprint.private.chatapp.ExampleScreen;
				PRODUCT_NAME = "$(TARGET_NAME:c99extidentifier)";
				SKIP_INSTALL = YES;
				SWIFT_EMIT_LOC_STRINGS = YES;
				SWIFT_VERSION = 5.0;
				TARGETED_DEVICE_FAMILY = "1,2";
			};
			name = Debug;
		};
		B9D0285127E43BDF001B8305 /* Release */ = {
			isa = XCBuildConfiguration;
			buildSettings = {
				CODE_SIGN_STYLE = Automatic;
				CURRENT_PROJECT_VERSION = 1;
				DEFINES_MODULE = YES;
				DYLIB_COMPATIBILITY_VERSION = 1;
				DYLIB_CURRENT_VERSION = 1;
				DYLIB_INSTALL_NAME_BASE = "@rpath";
				GENERATE_INFOPLIST_FILE = YES;
				INFOPLIST_KEY_NSHumanReadableCopyright = "";
				INSTALL_PATH = "$(LOCAL_LIBRARY_DIR)/Frameworks";
				LD_RUNPATH_SEARCH_PATHS = (
					"$(inherited)",
					"@executable_path/Frameworks",
					"@loader_path/Frameworks",
				);
				MARKETING_VERSION = 1.0;
				PRODUCT_BUNDLE_IDENTIFIER = lastsprint.private.chatapp.ExampleScreen;
				PRODUCT_NAME = "$(TARGET_NAME:c99extidentifier)";
				SKIP_INSTALL = YES;
				SWIFT_EMIT_LOC_STRINGS = YES;
				SWIFT_VERSION = 5.0;
				TARGETED_DEVICE_FAMILY = "1,2";
			};
			name = Release;
		};
		B9D0285327E43BDF001B8305 /* Debug */ = {
			isa = XCBuildConfiguration;
			buildSettings = {
				ALWAYS_EMBED_SWIFT_STANDARD_LIBRARIES = YES;
				CODE_SIGN_STYLE = Automatic;
				CURRENT_PROJECT_VERSION = 1;
				GENERATE_INFOPLIST_FILE = YES;
				MARKETING_VERSION = 1.0;
				PRODUCT_BUNDLE_IDENTIFIER = lastsprint.private.chatapp.ExampleScreenTests;
				PRODUCT_NAME = "$(TARGET_NAME)";
				SWIFT_EMIT_LOC_STRINGS = NO;
				SWIFT_VERSION = 5.0;
				TARGETED_DEVICE_FAMILY = "1,2";
			};
			name = Debug;
		};
		B9D0285427E43BDF001B8305 /* Release */ = {
			isa = XCBuildConfiguration;
			buildSettings = {
				ALWAYS_EMBED_SWIFT_STANDARD_LIBRARIES = YES;
				CODE_SIGN_STYLE = Automatic;
				CURRENT_PROJECT_VERSION = 1;
				GENERATE_INFOPLIST_FILE = YES;
				MARKETING_VERSION = 1.0;
				PRODUCT_BUNDLE_IDENTIFIER = lastsprint.private.chatapp.ExampleScreenTests;
				PRODUCT_NAME = "$(TARGET_NAME)";
				SWIFT_EMIT_LOC_STRINGS = NO;
				SWIFT_VERSION = 5.0;
				TARGETED_DEVICE_FAMILY = "1,2";
			};
			name = Release;
		};
/* End XCBuildConfiguration section */

/* Begin XCConfigurationList section */
		B9D0283527E43BDF001B8305 /* Build configuration list for PBXProject "ExampleScreen" */ = {
			isa = XCConfigurationList;
			buildConfigurations = (
				B9D0284D27E43BDF001B8305 /* Debug */,
				B9D0284E27E43BDF001B8305 /* Release */,
			);
			defaultConfigurationIsVisible = 0;
			defaultConfigurationName = Release;
		};
		B9D0284F27E43BDF001B8305 /* Build configuration list for PBXNativeTarget "ExampleScreen" */ = {
			isa = XCConfigurationList;
			buildConfigurations = (
				B9D0285027E43BDF001B8305 /* Debug */,
				B9D0285127E43BDF001B8305 /* Release */,
			);
			defaultConfigurationIsVisible = 0;
			defaultConfigurationName = Release;
		};
		B9D0285227E43BDF001B8305 /* Build configuration list for PBXNativeTarget "ExampleScreenTests" */ = {
			isa = XCConfigurationList;
			buildConfigurations = (
				B9D0285327E43BDF001B8305 /* Debug */,
				B9D0285427E43BDF001B8305 /* Release */,
			);
			defaultConfigurationIsVisible = 0;
			defaultConfigurationName = Release;
		};
/* End XCConfigurationList section */
	};
	rootObject = B9D0283227E43BDF001B8305 /* Project object */;
}
